
Microsoft Visual Studio Solution File, Format Version 12.00
# Visual Studio 2012
Project("{FAE04EC0-301F-11D3-BF4B-00C04F79EFBC}") = "CrossFront-Web-Api", "CrossFront-Web-Api\CrossFront-Web-Api.csproj", "{7075E9FE-8362-495D-A7C0-6AE5EF31A176}"
EndProject
Global
	GlobalSection(SolutionConfigurationPlatforms) = preSolution
		Debug|Any CPU = Debug|Any CPU
		Release|Any CPU = Release|Any CPU
	EndGlobalSection
	GlobalSection(ProjectConfigurationPlatforms) = postSolution
		{7075E9FE-8362-495D-A7C0-6AE5EF31A176}.Debug|Any CPU.ActiveCfg = Debug|Any CPU
		{7075E9FE-8362-495D-A7C0-6AE5EF31A176}.Debug|Any CPU.Build.0 = Debug|Any CPU
		{7075E9FE-8362-495D-A7C0-6AE5EF31A176}.Release|Any CPU.ActiveCfg = Release|Any CPU
		{7075E9FE-8362-495D-A7C0-6AE5EF31A176}.Release|Any CPU.Build.0 = Release|Any CPU
	EndGlobalSection
	GlobalSection(SolutionProperties) = preSolution
		HideSolutionNode = FALSE
	EndGlobalSection
EndGlobal
